
Microsoft Visual Studio Solution File, Format Version 12.00
# Visual Studio Version 17
VisualStudioVersion = 17.7.34031.279
MinimumVisualStudioVersion = 10.0.40219.1
Project("{FAE04EC0-301F-11D3-BF4B-00C04F79EFBC}") = "CalculadoraBasica", "CalculadoraBasica\CalculadoraBasica.csproj", "{51A06C46-CC15-40BC-B5F1-7D902BE2FFCB}"
EndProject
Project("{FAE04EC0-301F-11D3-BF4B-00C04F79EFBC}") = "Calcularidade", "Calcularidade\Calcularidade.csproj", "{6D53EFE0-8F97-4303-BCAE-37D308CBBA95}"
EndProject
Project("{FAE04EC0-301F-11D3-BF4B-00C04F79EFBC}") = "RaizQuadrada", "RaizQuadrada\RaizQuadrada.csproj", "{4BD7B324-8FCA-46B3-B41A-6C18F006DDE3}"
EndProject
Project("{9A19103F-16F7-4668-BE54-9A1E7A4F7556}") = "DemoIF", "DemoIF\DemoIF.csproj", "{137DA59F-A867-4F73-B0F5-858E0630B333}"
EndProject
Project("{FAE04EC0-301F-11D3-BF4B-00C04F79EFBC}") = "ParImparZero", "ParImparZero\ParImparZero.csproj", "{73B0FFA6-DEF0-48BC-ABC9-AB3B4A8F2260}"
EndProject
Project("{9A19103F-16F7-4668-BE54-9A1E7A4F7556}") = "Divisivel", "Divisivel\Divisivel.csproj", "{E0234C47-EC90-44E4-A5DD-A962F9D0ED14}"
EndProject
Project("{FAE04EC0-301F-11D3-BF4B-00C04F79EFBC}") = "Senha", "Senha\Senha.csproj", "{00201FA5-C9C1-42F5-831F-D4E7E8212944}"
EndProject
Project("{FAE04EC0-301F-11D3-BF4B-00C04F79EFBC}") = "SelecionarGenero", "SelecionarGenero\SelecionarGenero.csproj", "{4EFE7C23-27AC-4384-BB22-40E34498313D}"
EndProject
Project("{FAE04EC0-301F-11D3-BF4B-00C04F79EFBC}") = "MaisBarato", "MaisBarato\MaisBarato.csproj", "{2882A521-8231-4B0D-8234-2394D715F4E4}"
EndProject
Project("{FAE04EC0-301F-11D3-BF4B-00C04F79EFBC}") = "Jogador", "Jogador\Jogador.csproj", "{64D1ED39-CCE5-4BB9-9ABF-FD21F55AB577}"
EndProject
Project("{FAE04EC0-301F-11D3-BF4B-00C04F79EFBC}") = "Alcoolico", "Alcoolico\Alcoolico.csproj", "{9A90002D-58C0-4FF9-AAEE-D96C0AE60C79}"
EndProject
Project("{FAE04EC0-301F-11D3-BF4B-00C04F79EFBC}") = "MostraProduto", "MostraProduto\MostraProduto.csproj", "{300FB0A4-2F25-430C-8A05-F259659CC9F6}"
EndProject
Project("{FAE04EC0-301F-11D3-BF4B-00C04F79EFBC}") = "Frutas", "Frutas\Frutas.csproj", "{B62F1E14-8E86-4CC9-A439-A4CAE2F0A1B8}"
EndProject
Project("{9A19103F-16F7-4668-BE54-9A1E7A4F7556}") = "MariaJose", "MariaJose\MariaJose.csproj", "{9B41E4A3-DE68-4A17-B850-C186C2A335DB}"
EndProject
Project("{FAE04EC0-301F-11D3-BF4B-00C04F79EFBC}") = "Media", "Media\Media.csproj", "{6D8BDCE8-3B49-4BCA-A899-1FC0A744C806}"
EndProject
Project("{FAE04EC0-301F-11D3-BF4B-00C04F79EFBC}") = "CelsiusParaFahrenheit", "CelsiusParaFahrenheit\CelsiusParaFahrenheit.csproj", "{D64C6AE6-946D-4F43-A432-CD58A0DBEE40}"
EndProject
Project("{9A19103F-16F7-4668-BE54-9A1E7A4F7556}") = "LerIdade", "LerIdade\LerIdade.csproj", "{151C4B0A-24CE-49BD-9C25-76114BCD788C}"
EndProject
Project("{9A19103F-16F7-4668-BE54-9A1E7A4F7556}") = "LerIdadeMaior", "LerIdadeMaior\LerIdadeMaior.csproj", "{099AF7DE-3CB8-40A6-A381-C52D5FD9F18D}"
EndProject
Project("{FAE04EC0-301F-11D3-BF4B-00C04F79EFBC}") = "AnoNascimento", "AnoNascimento\AnoNascimento.csproj", "{7146C609-BA24-4D53-B781-F22996E4B697}"
EndProject
Project("{FAE04EC0-301F-11D3-BF4B-00C04F79EFBC}") = "AnoDiferença", "AnoDiferença\AnoDiferença.csproj", "{BDFD7869-2508-4FA0-BA34-EAAAA2EAAAA8}"
EndProject
Project("{FAE04EC0-301F-11D3-BF4B-00C04F79EFBC}") = "IMC", "IMC\IMC.csproj", "{BCB189A4-A43D-4B99-A186-76A8D388D0EC}"
EndProject
Global
	GlobalSection(SolutionConfigurationPlatforms) = preSolution
		Debug|Any CPU = Debug|Any CPU
		Release|Any CPU = Release|Any CPU
	EndGlobalSection
	GlobalSection(ProjectConfigurationPlatforms) = postSolution
		{51A06C46-CC15-40BC-B5F1-7D902BE2FFCB}.Debug|Any CPU.ActiveCfg = Debug|Any CPU
		{51A06C46-CC15-40BC-B5F1-7D902BE2FFCB}.Debug|Any CPU.Build.0 = Debug|Any CPU
		{51A06C46-CC15-40BC-B5F1-7D902BE2FFCB}.Release|Any CPU.ActiveCfg = Release|Any CPU
		{51A06C46-CC15-40BC-B5F1-7D902BE2FFCB}.Release|Any CPU.Build.0 = Release|Any CPU
		{6D53EFE0-8F97-4303-BCAE-37D308CBBA95}.Debug|Any CPU.ActiveCfg = Debug|Any CPU
		{6D53EFE0-8F97-4303-BCAE-37D308CBBA95}.Debug|Any CPU.Build.0 = Debug|Any CPU
		{6D53EFE0-8F97-4303-BCAE-37D308CBBA95}.Release|Any CPU.ActiveCfg = Release|Any CPU
		{6D53EFE0-8F97-4303-BCAE-37D308CBBA95}.Release|Any CPU.Build.0 = Release|Any CPU
		{4BD7B324-8FCA-46B3-B41A-6C18F006DDE3}.Debug|Any CPU.ActiveCfg = Debug|Any CPU
		{4BD7B324-8FCA-46B3-B41A-6C18F006DDE3}.Debug|Any CPU.Build.0 = Debug|Any CPU
		{4BD7B324-8FCA-46B3-B41A-6C18F006DDE3}.Release|Any CPU.ActiveCfg = Release|Any CPU
		{4BD7B324-8FCA-46B3-B41A-6C18F006DDE3}.Release|Any CPU.Build.0 = Release|Any CPU
		{137DA59F-A867-4F73-B0F5-858E0630B333}.Debug|Any CPU.ActiveCfg = Debug|Any CPU
		{137DA59F-A867-4F73-B0F5-858E0630B333}.Debug|Any CPU.Build.0 = Debug|Any CPU
		{137DA59F-A867-4F73-B0F5-858E0630B333}.Release|Any CPU.ActiveCfg = Release|Any CPU
		{137DA59F-A867-4F73-B0F5-858E0630B333}.Release|Any CPU.Build.0 = Release|Any CPU
		{73B0FFA6-DEF0-48BC-ABC9-AB3B4A8F2260}.Debug|Any CPU.ActiveCfg = Debug|Any CPU
		{73B0FFA6-DEF0-48BC-ABC9-AB3B4A8F2260}.Debug|Any CPU.Build.0 = Debug|Any CPU
		{73B0FFA6-DEF0-48BC-ABC9-AB3B4A8F2260}.Release|Any CPU.ActiveCfg = Release|Any CPU
		{73B0FFA6-DEF0-48BC-ABC9-AB3B4A8F2260}.Release|Any CPU.Build.0 = Release|Any CPU
		{E0234C47-EC90-44E4-A5DD-A962F9D0ED14}.Debug|Any CPU.ActiveCfg = Debug|Any CPU
		{E0234C47-EC90-44E4-A5DD-A962F9D0ED14}.Debug|Any CPU.Build.0 = Debug|Any CPU
		{E0234C47-EC90-44E4-A5DD-A962F9D0ED14}.Release|Any CPU.ActiveCfg = Release|Any CPU
		{E0234C47-EC90-44E4-A5DD-A962F9D0ED14}.Release|Any CPU.Build.0 = Release|Any CPU
		{00201FA5-C9C1-42F5-831F-D4E7E8212944}.Debug|Any CPU.ActiveCfg = Debug|Any CPU
		{00201FA5-C9C1-42F5-831F-D4E7E8212944}.Debug|Any CPU.Build.0 = Debug|Any CPU
		{00201FA5-C9C1-42F5-831F-D4E7E8212944}.Release|Any CPU.ActiveCfg = Release|Any CPU
		{00201FA5-C9C1-42F5-831F-D4E7E8212944}.Release|Any CPU.Build.0 = Release|Any CPU
		{4EFE7C23-27AC-4384-BB22-40E34498313D}.Debug|Any CPU.ActiveCfg = Debug|Any CPU
		{4EFE7C23-27AC-4384-BB22-40E34498313D}.Debug|Any CPU.Build.0 = Debug|Any CPU
		{4EFE7C23-27AC-4384-BB22-40E34498313D}.Release|Any CPU.ActiveCfg = Release|Any CPU
		{4EFE7C23-27AC-4384-BB22-40E34498313D}.Release|Any CPU.Build.0 = Release|Any CPU
		{2882A521-8231-4B0D-8234-2394D715F4E4}.Debug|Any CPU.ActiveCfg = Debug|Any CPU
		{2882A521-8231-4B0D-8234-2394D715F4E4}.Debug|Any CPU.Build.0 = Debug|Any CPU
		{2882A521-8231-4B0D-8234-2394D715F4E4}.Release|Any CPU.ActiveCfg = Release|Any CPU
		{2882A521-8231-4B0D-8234-2394D715F4E4}.Release|Any CPU.Build.0 = Release|Any CPU
		{64D1ED39-CCE5-4BB9-9ABF-FD21F55AB577}.Debug|Any CPU.ActiveCfg = Debug|Any CPU
		{64D1ED39-CCE5-4BB9-9ABF-FD21F55AB577}.Debug|Any CPU.Build.0 = Debug|Any CPU
		{64D1ED39-CCE5-4BB9-9ABF-FD21F55AB577}.Release|Any CPU.ActiveCfg = Release|Any CPU
		{64D1ED39-CCE5-4BB9-9ABF-FD21F55AB577}.Release|Any CPU.Build.0 = Release|Any CPU
		{9A90002D-58C0-4FF9-AAEE-D96C0AE60C79}.Debug|Any CPU.ActiveCfg = Debug|Any CPU
		{9A90002D-58C0-4FF9-AAEE-D96C0AE60C79}.Debug|Any CPU.Build.0 = Debug|Any CPU
		{9A90002D-58C0-4FF9-AAEE-D96C0AE60C79}.Release|Any CPU.ActiveCfg = Release|Any CPU
		{9A90002D-58C0-4FF9-AAEE-D96C0AE60C79}.Release|Any CPU.Build.0 = Release|Any CPU
		{300FB0A4-2F25-430C-8A05-F259659CC9F6}.Debug|Any CPU.ActiveCfg = Debug|Any CPU
		{300FB0A4-2F25-430C-8A05-F259659CC9F6}.Debug|Any CPU.Build.0 = Debug|Any CPU
		{300FB0A4-2F25-430C-8A05-F259659CC9F6}.Release|Any CPU.ActiveCfg = Release|Any CPU
		{300FB0A4-2F25-430C-8A05-F259659CC9F6}.Release|Any CPU.Build.0 = Release|Any CPU
		{B62F1E14-8E86-4CC9-A439-A4CAE2F0A1B8}.Debug|Any CPU.ActiveCfg = Debug|Any CPU
		{B62F1E14-8E86-4CC9-A439-A4CAE2F0A1B8}.Debug|Any CPU.Build.0 = Debug|Any CPU
		{B62F1E14-8E86-4CC9-A439-A4CAE2F0A1B8}.Release|Any CPU.ActiveCfg = Release|Any CPU
		{B62F1E14-8E86-4CC9-A439-A4CAE2F0A1B8}.Release|Any CPU.Build.0 = Release|Any CPU
		{9B41E4A3-DE68-4A17-B850-C186C2A335DB}.Debug|Any CPU.ActiveCfg = Debug|Any CPU
		{9B41E4A3-DE68-4A17-B850-C186C2A335DB}.Debug|Any CPU.Build.0 = Debug|Any CPU
		{9B41E4A3-DE68-4A17-B850-C186C2A335DB}.Release|Any CPU.ActiveCfg = Release|Any CPU
		{9B41E4A3-DE68-4A17-B850-C186C2A335DB}.Release|Any CPU.Build.0 = Release|Any CPU
		{6D8BDCE8-3B49-4BCA-A899-1FC0A744C806}.Debug|Any CPU.ActiveCfg = Debug|Any CPU
		{6D8BDCE8-3B49-4BCA-A899-1FC0A744C806}.Debug|Any CPU.Build.0 = Debug|Any CPU
		{6D8BDCE8-3B49-4BCA-A899-1FC0A744C806}.Release|Any CPU.ActiveCfg = Release|Any CPU
		{6D8BDCE8-3B49-4BCA-A899-1FC0A744C806}.Release|Any CPU.Build.0 = Release|Any CPU
		{D64C6AE6-946D-4F43-A432-CD58A0DBEE40}.Debug|Any CPU.ActiveCfg = Debug|Any CPU
		{D64C6AE6-946D-4F43-A432-CD58A0DBEE40}.Debug|Any CPU.Build.0 = Debug|Any CPU
		{D64C6AE6-946D-4F43-A432-CD58A0DBEE40}.Release|Any CPU.ActiveCfg = Release|Any CPU
		{D64C6AE6-946D-4F43-A432-CD58A0DBEE40}.Release|Any CPU.Build.0 = Release|Any CPU
		{151C4B0A-24CE-49BD-9C25-76114BCD788C}.Debug|Any CPU.ActiveCfg = Debug|Any CPU
		{151C4B0A-24CE-49BD-9C25-76114BCD788C}.Debug|Any CPU.Build.0 = Debug|Any CPU
		{151C4B0A-24CE-49BD-9C25-76114BCD788C}.Release|Any CPU.ActiveCfg = Release|Any CPU
		{151C4B0A-24CE-49BD-9C25-76114BCD788C}.Release|Any CPU.Build.0 = Release|Any CPU
		{099AF7DE-3CB8-40A6-A381-C52D5FD9F18D}.Debug|Any CPU.ActiveCfg = Debug|Any CPU
		{099AF7DE-3CB8-40A6-A381-C52D5FD9F18D}.Debug|Any CPU.Build.0 = Debug|Any CPU
		{099AF7DE-3CB8-40A6-A381-C52D5FD9F18D}.Release|Any CPU.ActiveCfg = Release|Any CPU
		{099AF7DE-3CB8-40A6-A381-C52D5FD9F18D}.Release|Any CPU.Build.0 = Release|Any CPU
		{7146C609-BA24-4D53-B781-F22996E4B697}.Debug|Any CPU.ActiveCfg = Debug|Any CPU
		{7146C609-BA24-4D53-B781-F22996E4B697}.Debug|Any CPU.Build.0 = Debug|Any CPU
		{7146C609-BA24-4D53-B781-F22996E4B697}.Release|Any CPU.ActiveCfg = Release|Any CPU
		{7146C609-BA24-4D53-B781-F22996E4B697}.Release|Any CPU.Build.0 = Release|Any CPU
		{BDFD7869-2508-4FA0-BA34-EAAAA2EAAAA8}.Debug|Any CPU.ActiveCfg = Debug|Any CPU
		{BDFD7869-2508-4FA0-BA34-EAAAA2EAAAA8}.Debug|Any CPU.Build.0 = Debug|Any CPU
		{BDFD7869-2508-4FA0-BA34-EAAAA2EAAAA8}.Release|Any CPU.ActiveCfg = Release|Any CPU
		{BDFD7869-2508-4FA0-BA34-EAAAA2EAAAA8}.Release|Any CPU.Build.0 = Release|Any CPU
		{BCB189A4-A43D-4B99-A186-76A8D388D0EC}.Debug|Any CPU.ActiveCfg = Debug|Any CPU
		{BCB189A4-A43D-4B99-A186-76A8D388D0EC}.Debug|Any CPU.Build.0 = Debug|Any CPU
		{BCB189A4-A43D-4B99-A186-76A8D388D0EC}.Release|Any CPU.ActiveCfg = Release|Any CPU
		{BCB189A4-A43D-4B99-A186-76A8D388D0EC}.Release|Any CPU.Build.0 = Release|Any CPU
	EndGlobalSection
	GlobalSection(SolutionProperties) = preSolution
		HideSolutionNode = FALSE
	EndGlobalSection
	GlobalSection(ExtensibilityGlobals) = postSolution
		SolutionGuid = {A1863952-1643-4EFF-9007-F9ECA7B2C054}
	EndGlobalSection
EndGlobal
